// !$*UTF8*$!
{
	archiveVersion = 1;
	classes = {
	};
	objectVersion = 56;
	objects = {

/* Begin PBXBuildFile section */
		BADB8B0C2CF94E21007EEED2 /* AppDelegate.swift in Sources */ = {isa = PBXBuildFile; fileRef = BADB8B0B2CF94E21007EEED2 /* AppDelegate.swift */; };
		BADB8B0E2CF94E21007EEED2 /* SceneDelegate.swift in Sources */ = {isa = PBXBuildFile; fileRef = BADB8B0D2CF94E21007EEED2 /* SceneDelegate.swift */; };
		BADB8B102CF94E21007EEED2 /* ViewController.swift in Sources */ = {isa = PBXBuildFile; fileRef = BADB8B0F2CF94E21007EEED2 /* ViewController.swift */; };
		BADB8B132CF94E21007EEED2 /* Main.storyboard in Resources */ = {isa = PBXBuildFile; fileRef = BADB8B112CF94E21007EEED2 /* Main.storyboard */; };
		BADB8B162CF94E21007EEED2 /* WorkoutTimer.xcdatamodeld in Sources */ = {isa = PBXBuildFile; fileRef = BADB8B142CF94E21007EEED2 /* WorkoutTimer.xcdatamodeld */; };
		BADB8B182CF94E23007EEED2 /* Assets.xcassets in Resources */ = {isa = PBXBuildFile; fileRef = BADB8B172CF94E23007EEED2 /* Assets.xcassets */; };
		BADB8B1B2CF94E23007EEED2 /* LaunchScreen.storyboard in Resources */ = {isa = PBXBuildFile; fileRef = BADB8B192CF94E23007EEED2 /* LaunchScreen.storyboard */; };
		BADB8B262CF94E23007EEED2 /* WorkoutTimerTests.swift in Sources */ = {isa = PBXBuildFile; fileRef = BADB8B252CF94E23007EEED2 /* WorkoutTimerTests.swift */; };
		BADB8B302CF94E23007EEED2 /* WorkoutTimerUITests.swift in Sources */ = {isa = PBXBuildFile; fileRef = BADB8B2F2CF94E23007EEED2 /* WorkoutTimerUITests.swift */; };
		BADB8B322CF94E23007EEED2 /* WorkoutTimerUITestsLaunchTests.swift in Sources */ = {isa = PBXBuildFile; fileRef = BADB8B312CF94E23007EEED2 /* WorkoutTimerUITestsLaunchTests.swift */; };
/* End PBXBuildFile section */

/* Begin PBXContainerItemProxy section */
		BADB8B222CF94E23007EEED2 /* PBXContainerItemProxy */ = {
			isa = PBXContainerItemProxy;
			containerPortal = BADB8B002CF94E21007EEED2 /* Project object */;
			proxyType = 1;
			remoteGlobalIDString = BADB8B072CF94E21007EEED2;
			remoteInfo = WorkoutTimer;
		};
		BADB8B2C2CF94E23007EEED2 /* PBXContainerItemProxy */ = {
			isa = PBXContainerItemProxy;
			containerPortal = BADB8B002CF94E21007EEED2 /* Project object */;
			proxyType = 1;
			remoteGlobalIDString = BADB8B072CF94E21007EEED2;
			remoteInfo = WorkoutTimer;
		};
/* End PBXContainerItemProxy section */

/* Begin PBXFileReference section */
		BADB8B082CF94E21007EEED2 /* WorkoutTimer.app */ = {isa = PBXFileReference; explicitFileType = wrapper.application; includeInIndex = 0; path = WorkoutTimer.app; sourceTree = BUILT_PRODUCTS_DIR; };
		BADB8B0B2CF94E21007EEED2 /* AppDelegate.swift */ = {isa = PBXFileReference; lastKnownFileType = sourcecode.swift; path = AppDelegate.swift; sourceTree = "<group>"; };
		BADB8B0D2CF94E21007EEED2 /* SceneDelegate.swift */ = {isa = PBXFileReference; lastKnownFileType = sourcecode.swift; path = SceneDelegate.swift; sourceTree = "<group>"; };
		BADB8B0F2CF94E21007EEED2 /* ViewController.swift */ = {isa = PBXFileReference; lastKnownFileType = sourcecode.swift; path = ViewController.swift; sourceTree = "<group>"; };
		BADB8B122CF94E21007EEED2 /* Base */ = {isa = PBXFileReference; lastKnownFileType = file.storyboard; name = Base; path = Base.lproj/Main.storyboard; sourceTree = "<group>"; };
		BADB8B152CF94E21007EEED2 /* WorkoutTimer.xcdatamodel */ = {isa = PBXFileReference; lastKnownFileType = wrapper.xcdatamodel; path = WorkoutTimer.xcdatamodel; sourceTree = "<group>"; };
		BADB8B172CF94E23007EEED2 /* Assets.xcassets */ = {isa = PBXFileReference; lastKnownFileType = folder.assetcatalog; path = Assets.xcassets; sourceTree = "<group>"; };
		BADB8B1A2CF94E23007EEED2 /* Base */ = {isa = PBXFileReference; lastKnownFileType = file.storyboard; name = Base; path = Base.lproj/LaunchScreen.storyboard; sourceTree = "<group>"; };
		BADB8B1C2CF94E23007EEED2 /* Info.plist */ = {isa = PBXFileReference; lastKnownFileType = text.plist.xml; path = Info.plist; sourceTree = "<group>"; };
		BADB8B212CF94E23007EEED2 /* WorkoutTimerTests.xctest */ = {isa = PBXFileReference; explicitFileType = wrapper.cfbundle; includeInIndex = 0; path = WorkoutTimerTests.xctest; sourceTree = BUILT_PRODUCTS_DIR; };
		BADB8B252CF94E23007EEED2 /* WorkoutTimerTests.swift */ = {isa = PBXFileReference; lastKnownFileType = sourcecode.swift; path = WorkoutTimerTests.swift; sourceTree = "<group>"; };
		BADB8B2B2CF94E23007EEED2 /* WorkoutTimerUITests.xctest */ = {isa = PBXFileReference; explicitFileType = wrapper.cfbundle; includeInIndex = 0; path = WorkoutTimerUITests.xctest; sourceTree = BUILT_PRODUCTS_DIR; };
		BADB8B2F2CF94E23007EEED2 /* WorkoutTimerUITests.swift */ = {isa = PBXFileReference; lastKnownFileType = sourcecode.swift; path = WorkoutTimerUITests.swift; sourceTree = "<group>"; };
		BADB8B312CF94E23007EEED2 /* WorkoutTimerUITestsLaunchTests.swift */ = {isa = PBXFileReference; lastKnownFileType = sourcecode.swift; path = WorkoutTimerUITestsLaunchTests.swift; sourceTree = "<group>"; };
/* End PBXFileReference section */

/* Begin PBXFrameworksBuildPhase section */
		BADB8B052CF94E21007EEED2 /* Frameworks */ = {
			isa = PBXFrameworksBuildPhase;
			buildActionMask = 2147483647;
			files = (
			);
			runOnlyForDeploymentPostprocessing = 0;
		};
		BADB8B1E2CF94E23007EEED2 /* Frameworks */ = {
			isa = PBXFrameworksBuildPhase;
			buildActionMask = 2147483647;
			files = (
			);
			runOnlyForDeploymentPostprocessing = 0;
		};
		BADB8B282CF94E23007EEED2 /* Frameworks */ = {
			isa = PBXFrameworksBuildPhase;
			buildActionMask = 2147483647;
			files = (
			);
			runOnlyForDeploymentPostprocessing = 0;
		};
/* End PBXFrameworksBuildPhase section */

/* Begin PBXGroup section */
		BADB8AFF2CF94E21007EEED2 = {
			isa = PBXGroup;
			children = (
				BADB8B0A2CF94E21007EEED2 /* WorkoutTimer */,
				BADB8B242CF94E23007EEED2 /* WorkoutTimerTests */,
				BADB8B2E2CF94E23007EEED2 /* WorkoutTimerUITests */,
				BADB8B092CF94E21007EEED2 /* Products */,
			);
			sourceTree = "<group>";
		};
		BADB8B092CF94E21007EEED2 /* Products */ = {
			isa = PBXGroup;
			children = (
				BADB8B082CF94E21007EEED2 /* WorkoutTimer.app */,
				BADB8B212CF94E23007EEED2 /* WorkoutTimerTests.xctest */,
				BADB8B2B2CF94E23007EEED2 /* WorkoutTimerUITests.xctest */,
			);
			name = Products;
			sourceTree = "<group>";
		};
		BADB8B0A2CF94E21007EEED2 /* WorkoutTimer */ = {
			isa = PBXGroup;
			children = (
				BADB8B0B2CF94E21007EEED2 /* AppDelegate.swift */,
				BADB8B0D2CF94E21007EEED2 /* SceneDelegate.swift */,
				BADB8B0F2CF94E21007EEED2 /* ViewController.swift */,
				BADB8B112CF94E21007EEED2 /* Main.storyboard */,
				BADB8B172CF94E23007EEED2 /* Assets.xcassets */,
				BADB8B192CF94E23007EEED2 /* LaunchScreen.storyboard */,
				BADB8B1C2CF94E23007EEED2 /* Info.plist */,
				BADB8B142CF94E21007EEED2 /* WorkoutTimer.xcdatamodeld */,
			);
			path = WorkoutTimer;
			sourceTree = "<group>";
		};
		BADB8B242CF94E23007EEED2 /* WorkoutTimerTests */ = {
			isa = PBXGroup;
			children = (
				BADB8B252CF94E23007EEED2 /* WorkoutTimerTests.swift */,
			);
			path = WorkoutTimerTests;
			sourceTree = "<group>";
		};
		BADB8B2E2CF94E23007EEED2 /* WorkoutTimerUITests */ = {
			isa = PBXGroup;
			children = (
				BADB8B2F2CF94E23007EEED2 /* WorkoutTimerUITests.swift */,
				BADB8B312CF94E23007EEED2 /* WorkoutTimerUITestsLaunchTests.swift */,
			);
			path = WorkoutTimerUITests;
			sourceTree = "<group>";
		};
/* End PBXGroup section */

/* Begin PBXNativeTarget section */
		BADB8B072CF94E21007EEED2 /* WorkoutTimer */ = {
			isa = PBXNativeTarget;
			buildConfigurationList = BADB8B352CF94E23007EEED2 /* Build configuration list for PBXNativeTarget "WorkoutTimer" */;
			buildPhases = (
				BADB8B042CF94E21007EEED2 /* Sources */,
				BADB8B052CF94E21007EEED2 /* Frameworks */,
				BADB8B062CF94E21007EEED2 /* Resources */,
			);
			buildRules = (
			);
			dependencies = (
			);
			name = WorkoutTimer;
			productName = WorkoutTimer;
			productReference = BADB8B082CF94E21007EEED2 /* WorkoutTimer.app */;
			productType = "com.apple.product-type.application";
		};
		BADB8B202CF94E23007EEED2 /* WorkoutTimerTests */ = {
			isa = PBXNativeTarget;
			buildConfigurationList = BADB8B382CF94E23007EEED2 /* Build configuration list for PBXNativeTarget "WorkoutTimerTests" */;
			buildPhases = (
				BADB8B1D2CF94E23007EEED2 /* Sources */,
				BADB8B1E2CF94E23007EEED2 /* Frameworks */,
				BADB8B1F2CF94E23007EEED2 /* Resources */,
			);
			buildRules = (
			);
			dependencies = (
				BADB8B232CF94E23007EEED2 /* PBXTargetDependency */,
			);
			name = WorkoutTimerTests;
			productName = WorkoutTimerTests;
			productReference = BADB8B212CF94E23007EEED2 /* WorkoutTimerTests.xctest */;
			productType = "com.apple.product-type.bundle.unit-test";
		};
		BADB8B2A2CF94E23007EEED2 /* WorkoutTimerUITests */ = {
			isa = PBXNativeTarget;
			buildConfigurationList = BADB8B3B2CF94E23007EEED2 /* Build configuration list for PBXNativeTarget "WorkoutTimerUITests" */;
			buildPhases = (
				BADB8B272CF94E23007EEED2 /* Sources */,
				BADB8B282CF94E23007EEED2 /* Frameworks */,
				BADB8B292CF94E23007EEED2 /* Resources */,
			);
			buildRules = (
			);
			dependencies = (
				BADB8B2D2CF94E23007EEED2 /* PBXTargetDependency */,
			);
			name = WorkoutTimerUITests;
			productName = WorkoutTimerUITests;
			productReference = BADB8B2B2CF94E23007EEED2 /* WorkoutTimerUITests.xctest */;
			productType = "com.apple.product-type.bundle.ui-testing";
		};
/* End PBXNativeTarget section */

/* Begin PBXProject section */
		BADB8B002CF94E21007EEED2 /* Project object */ = {
			isa = PBXProject;
			attributes = {
				BuildIndependentTargetsInParallel = 1;
				LastSwiftUpdateCheck = 1510;
				LastUpgradeCheck = 1510;
				TargetAttributes = {
					BADB8B072CF94E21007EEED2 = {
						CreatedOnToolsVersion = 15.1;
					};
					BADB8B202CF94E23007EEED2 = {
						CreatedOnToolsVersion = 15.1;
						TestTargetID = BADB8B072CF94E21007EEED2;
					};
					BADB8B2A2CF94E23007EEED2 = {
						CreatedOnToolsVersion = 15.1;
						TestTargetID = BADB8B072CF94E21007EEED2;
					};
				};
			};
			buildConfigurationList = BADB8B032CF94E21007EEED2 /* Build configuration list for PBXProject "WorkoutTimer" */;
			compatibilityVersion = "Xcode 14.0";
			developmentRegion = en;
			hasScannedForEncodings = 0;
			knownRegions = (
				en,
				Base,
			);
			mainGroup = BADB8AFF2CF94E21007EEED2;
			productRefGroup = BADB8B092CF94E21007EEED2 /* Products */;
			projectDirPath = "";
			projectRoot = "";
			targets = (
				BADB8B072CF94E21007EEED2 /* WorkoutTimer */,
				BADB8B202CF94E23007EEED2 /* WorkoutTimerTests */,
				BADB8B2A2CF94E23007EEED2 /* WorkoutTimerUITests */,
			);
		};
/* End PBXProject section */

/* Begin PBXResourcesBuildPhase section */
		BADB8B062CF94E21007EEED2 /* Resources */ = {
			isa = PBXResourcesBuildPhase;
			buildActionMask = 2147483647;
			files = (
				BADB8B1B2CF94E23007EEED2 /* LaunchScreen.storyboard in Resources */,
				BADB8B182CF94E23007EEED2 /* Assets.xcassets in Resources */,
				BADB8B132CF94E21007EEED2 /* Main.storyboard in Resources */,
			);
			runOnlyForDeploymentPostprocessing = 0;
		};
		BADB8B1F2CF94E23007EEED2 /* Resources */ = {
			isa = PBXResourcesBuildPhase;
			buildActionMask = 2147483647;
			files = (
			);
			runOnlyForDeploymentPostprocessing = 0;
		};
		BADB8B292CF94E23007EEED2 /* Resources */ = {
			isa = PBXResourcesBuildPhase;
			buildActionMask = 2147483647;
			files = (
			);
			runOnlyForDeploymentPostprocessing = 0;
		};
/* End PBXResourcesBuildPhase section */

/* Begin PBXSourcesBuildPhase section */
		BADB8B042CF94E21007EEED2 /* Sources */ = {
			isa = PBXSourcesBuildPhase;
			buildActionMask = 2147483647;
			files = (
				BADB8B102CF94E21007EEED2 /* ViewController.swift in Sources */,
				BADB8B162CF94E21007EEED2 /* WorkoutTimer.xcdatamodeld in Sources */,
				BADB8B0C2CF94E21007EEED2 /* AppDelegate.swift in Sources */,
				BADB8B0E2CF94E21007EEED2 /* SceneDelegate.swift in Sources */,
			);
			runOnlyForDeploymentPostprocessing = 0;
		};
		BADB8B1D2CF94E23007EEED2 /* Sources */ = {
			isa = PBXSourcesBuildPhase;
			buildActionMask = 2147483647;
			files = (
				BADB8B262CF94E23007EEED2 /* WorkoutTimerTests.swift in Sources */,
			);
			runOnlyForDeploymentPostprocessing = 0;
		};
		BADB8B272CF94E23007EEED2 /* Sources */ = {
			isa = PBXSourcesBuildPhase;
			buildActionMask = 2147483647;
			files = (
				BADB8B322CF94E23007EEED2 /* WorkoutTimerUITestsLaunchTests.swift in Sources */,
				BADB8B302CF94E23007EEED2 /* WorkoutTimerUITests.swift in Sources */,
			);
			runOnlyForDeploymentPostprocessing = 0;
		};
/* End PBXSourcesBuildPhase section */

/* Begin PBXTargetDependency section */
		BADB8B232CF94E23007EEED2 /* PBXTargetDependency */ = {
			isa = PBXTargetDependency;
			target = BADB8B072CF94E21007EEED2 /* WorkoutTimer */;
			targetProxy = BADB8B222CF94E23007EEED2 /* PBXContainerItemProxy */;
		};
		BADB8B2D2CF94E23007EEED2 /* PBXTargetDependency */ = {
			isa = PBXTargetDependency;
			target = BADB8B072CF94E21007EEED2 /* WorkoutTimer */;
			targetProxy = BADB8B2C2CF94E23007EEED2 /* PBXContainerItemProxy */;
		};
/* End PBXTargetDependency section */

/* Begin PBXVariantGroup section */
		BADB8B112CF94E21007EEED2 /* Main.storyboard */ = {
			isa = PBXVariantGroup;
			children = (
				BADB8B122CF94E21007EEED2 /* Base */,
			);
			name = Main.storyboard;
			sourceTree = "<group>";
		};
		BADB8B192CF94E23007EEED2 /* LaunchScreen.storyboard */ = {
			isa = PBXVariantGroup;
			children = (
				BADB8B1A2CF94E23007EEED2 /* Base */,
			);
			name = LaunchScreen.storyboard;
			sourceTree = "<group>";
		};
/* End PBXVariantGroup section */

/* Begin XCBuildConfiguration section */
		BADB8B332CF94E23007EEED2 /* Debug */ = {
			isa = XCBuildConfiguration;
			buildSettings = {
				ALWAYS_SEARCH_USER_PATHS = NO;
				ASSETCATALOG_COMPILER_GENERATE_SWIFT_ASSET_SYMBOL_EXTENSIONS = YES;
				CLANG_ANALYZER_NONNULL = YES;
				CLANG_ANALYZER_NUMBER_OBJECT_CONVERSION = YES_AGGRESSIVE;
				CLANG_CXX_LANGUAGE_STANDARD = "gnu++20";
				CLANG_ENABLE_MODULES = YES;
				CLANG_ENABLE_OBJC_ARC = YES;
				CLANG_ENABLE_OBJC_WEAK = YES;
				CLANG_WARN_BLOCK_CAPTURE_AUTORELEASING = YES;
				CLANG_WARN_BOOL_CONVERSION = YES;
				CLANG_WARN_COMMA = YES;
				CLANG_WARN_CONSTANT_CONVERSION = YES;
				CLANG_WARN_DEPRECATED_OBJC_IMPLEMENTATIONS = YES;
				CLANG_WARN_DIRECT_OBJC_ISA_USAGE = YES_ERROR;
				CLANG_WARN_DOCUMENTATION_COMMENTS = YES;
				CLANG_WARN_EMPTY_BODY = YES;
				CLANG_WARN_ENUM_CONVERSION = YES;
				CLANG_WARN_INFINITE_RECURSION = YES;
				CLANG_WARN_INT_CONVERSION = YES;
				CLANG_WARN_NON_LITERAL_NULL_CONVERSION = YES;
				CLANG_WARN_OBJC_IMPLICIT_RETAIN_SELF = YES;
				CLANG_WARN_OBJC_LITERAL_CONVERSION = YES;
				CLANG_WARN_OBJC_ROOT_CLASS = YES_ERROR;
				CLANG_WARN_QUOTED_INCLUDE_IN_FRAMEWORK_HEADER = YES;
				CLANG_WARN_RANGE_LOOP_ANALYSIS = YES;
				CLANG_WARN_STRICT_PROTOTYPES = YES;
				CLANG_WARN_SUSPICIOUS_MOVE = YES;
				CLANG_WARN_UNGUARDED_AVAILABILITY = YES_AGGRESSIVE;
				CLANG_WARN_UNREACHABLE_CODE = YES;
				CLANG_WARN__DUPLICATE_METHOD_MATCH = YES;
				COPY_PHASE_STRIP = NO;
				DEBUG_INFORMATION_FORMAT = dwarf;
				ENABLE_STRICT_OBJC_MSGSEND = YES;
				ENABLE_TESTABILITY = YES;
				ENABLE_USER_SCRIPT_SANDBOXING = YES;
				GCC_C_LANGUAGE_STANDARD = gnu17;
				GCC_DYNAMIC_NO_PIC = NO;
				GCC_NO_COMMON_BLOCKS = YES;
				GCC_OPTIMIZATION_LEVEL = 0;
				GCC_PREPROCESSOR_DEFINITIONS = (
					"DEBUG=1",
					"$(inherited)",
				);
				GCC_WARN_64_TO_32_BIT_CONVERSION = YES;
				GCC_WARN_ABOUT_RETURN_TYPE = YES_ERROR;
				GCC_WARN_UNDECLARED_SELECTOR = YES;
				GCC_WARN_UNINITIALIZED_AUTOS = YES_AGGRESSIVE;
				GCC_WARN_UNUSED_FUNCTION = YES;
				GCC_WARN_UNUSED_VARIABLE = YES;
				IPHONEOS_DEPLOYMENT_TARGET = 17.2;
				LOCALIZATION_PREFERS_STRING_CATALOGS = YES;
				MTL_ENABLE_DEBUG_INFO = INCLUDE_SOURCE;
				MTL_FAST_MATH = YES;
				ONLY_ACTIVE_ARCH = YES;
				SDKROOT = iphoneos;
				SWIFT_ACTIVE_COMPILATION_CONDITIONS = "DEBUG $(inherited)";
				SWIFT_OPTIMIZATION_LEVEL = "-Onone";
			};
			name = Debug;
		};
		BADB8B342CF94E23007EEED2 /* Release */ = {
			isa = XCBuildConfiguration;
			buildSettings = {
				ALWAYS_SEARCH_USER_PATHS = NO;
				ASSETCATALOG_COMPILER_GENERATE_SWIFT_ASSET_SYMBOL_EXTENSIONS = YES;
				CLANG_ANALYZER_NONNULL = YES;
				CLANG_ANALYZER_NUMBER_OBJECT_CONVERSION = YES_AGGRESSIVE;
				CLANG_CXX_LANGUAGE_STANDARD = "gnu++20";
				CLANG_ENABLE_MODULES = YES;
				CLANG_ENABLE_OBJC_ARC = YES;
				CLANG_ENABLE_OBJC_WEAK = YES;
				CLANG_WARN_BLOCK_CAPTURE_AUTORELEASING = YES;
				CLANG_WARN_BOOL_CONVERSION = YES;
				CLANG_WARN_COMMA = YES;
				CLANG_WARN_CONSTANT_CONVERSION = YES;
				CLANG_WARN_DEPRECATED_OBJC_IMPLEMENTATIONS = YES;
				CLANG_WARN_DIRECT_OBJC_ISA_USAGE = YES_ERROR;
				CLANG_WARN_DOCUMENTATION_COMMENTS = YES;
				CLANG_WARN_EMPTY_BODY = YES;
				CLANG_WARN_ENUM_CONVERSION = YES;
				CLANG_WARN_INFINITE_RECURSION = YES;
				CLANG_WARN_INT_CONVERSION = YES;
				CLANG_WARN_NON_LITERAL_NULL_CONVERSION = YES;
				CLANG_WARN_OBJC_IMPLICIT_RETAIN_SELF = YES;
				CLANG_WARN_OBJC_LITERAL_CONVERSION = YES;
				CLANG_WARN_OBJC_ROOT_CLASS = YES_ERROR;
				CLANG_WARN_QUOTED_INCLUDE_IN_FRAMEWORK_HEADER = YES;
				CLANG_WARN_RANGE_LOOP_ANALYSIS = YES;
				CLANG_WARN_STRICT_PROTOTYPES = YES;
				CLANG_WARN_SUSPICIOUS_MOVE = YES;
				CLANG_WARN_UNGUARDED_AVAILABILITY = YES_AGGRESSIVE;
				CLANG_WARN_UNREACHABLE_CODE = YES;
				CLANG_WARN__DUPLICATE_METHOD_MATCH = YES;
				COPY_PHASE_STRIP = NO;
				DEBUG_INFORMATION_FORMAT = "dwarf-with-dsym";
				ENABLE_NS_ASSERTIONS = NO;
				ENABLE_STRICT_OBJC_MSGSEND = YES;
				ENABLE_USER_SCRIPT_SANDBOXING = YES;
				GCC_C_LANGUAGE_STANDARD = gnu17;
				GCC_NO_COMMON_BLOCKS = YES;
				GCC_WARN_64_TO_32_BIT_CONVERSION = YES;
				GCC_WARN_ABOUT_RETURN_TYPE = YES_ERROR;
				GCC_WARN_UNDECLARED_SELECTOR = YES;
				GCC_WARN_UNINITIALIZED_AUTOS = YES_AGGRESSIVE;
				GCC_WARN_UNUSED_FUNCTION = YES;
				GCC_WARN_UNUSED_VARIABLE = YES;
				IPHONEOS_DEPLOYMENT_TARGET = 17.2;
				LOCALIZATION_PREFERS_STRING_CATALOGS = YES;
				MTL_ENABLE_DEBUG_INFO = NO;
				MTL_FAST_MATH = YES;
				SDKROOT = iphoneos;
				SWIFT_COMPILATION_MODE = wholemodule;
				VALIDATE_PRODUCT = YES;
			};
			name = Release;
		};
		BADB8B362CF94E23007EEED2 /* Debug */ = {
			isa = XCBuildConfiguration;
			buildSettings = {
				ASSETCATALOG_COMPILER_APPICON_NAME = AppIcon;
				ASSETCATALOG_COMPILER_GLOBAL_ACCENT_COLOR_NAME = AccentColor;
				CODE_SIGN_STYLE = Automatic;
				CURRENT_PROJECT_VERSION = 1;
				GENERATE_INFOPLIST_FILE = YES;
				INFOPLIST_FILE = WorkoutTimer/Info.plist;
				INFOPLIST_KEY_UIApplicationSupportsIndirectInputEvents = YES;
				INFOPLIST_KEY_UILaunchStoryboardName = LaunchScreen;
				INFOPLIST_KEY_UIMainStoryboardFile = Main;
				INFOPLIST_KEY_UISupportedInterfaceOrientations_iPad = "UIInterfaceOrientationPortrait UIInterfaceOrientationPortraitUpsideDown UIInterfaceOrientationLandscapeLeft UIInterfaceOrientationLandscapeRight";
				INFOPLIST_KEY_UISupportedInterfaceOrientations_iPhone = "UIInterfaceOrientationPortrait UIInterfaceOrientationLandscapeLeft UIInterfaceOrientationLandscapeRight";
				LD_RUNPATH_SEARCH_PATHS = (
					"$(inherited)",
					"@executable_path/Frameworks",
				);
				MARKETING_VERSION = 1.0;
				PRODUCT_BUNDLE_IDENTIFIER = hlin0023.avgtimer.WorkoutTimer;
				PRODUCT_NAME = "$(TARGET_NAME)";
				SWIFT_EMIT_LOC_STRINGS = YES;
				SWIFT_VERSION = 5.0;
				TARGETED_DEVICE_FAMILY = "1,2";
			};
			name = Debug;
		};
		BADB8B372CF94E23007EEED2 /* Release */ = {
			isa = XCBuildConfiguration;
			buildSettings = {
				ASSETCATALOG_COMPILER_APPICON_NAME = AppIcon;
				ASSETCATALOG_COMPILER_GLOBAL_ACCENT_COLOR_NAME = AccentColor;
				CODE_SIGN_STYLE = Automatic;
				CURRENT_PROJECT_VERSION = 1;
				GENERATE_INFOPLIST_FILE = YES;
				INFOPLIST_FILE = WorkoutTimer/Info.plist;
				INFOPLIST_KEY_UIApplicationSupportsIndirectInputEvents = YES;
				INFOPLIST_KEY_UILaunchStoryboardName = LaunchScreen;
				INFOPLIST_KEY_UIMainStoryboardFile = Main;
				INFOPLIST_KEY_UISupportedInterfaceOrientations_iPad = "UIInterfaceOrientationPortrait UIInterfaceOrientationPortraitUpsideDown UIInterfaceOrientationLandscapeLeft UIInterfaceOrientationLandscapeRight";
				INFOPLIST_KEY_UISupportedInterfaceOrientations_iPhone = "UIInterfaceOrientationPortrait UIInterfaceOrientationLandscapeLeft UIInterfaceOrientationLandscapeRight";
				LD_RUNPATH_SEARCH_PATHS = (
					"$(inherited)",
					"@executable_path/Frameworks",
				);
				MARKETING_VERSION = 1.0;
				PRODUCT_BUNDLE_IDENTIFIER = hlin0023.avgtimer.WorkoutTimer;
				PRODUCT_NAME = "$(TARGET_NAME)";
				SWIFT_EMIT_LOC_STRINGS = YES;
				SWIFT_VERSION = 5.0;
				TARGETED_DEVICE_FAMILY = "1,2";
			};
			name = Release;
		};
		BADB8B392CF94E23007EEED2 /* Debug */ = {
			isa = XCBuildConfiguration;
			buildSettings = {
				ALWAYS_EMBED_SWIFT_STANDARD_LIBRARIES = YES;
				BUNDLE_LOADER = "$(TEST_HOST)";
				CODE_SIGN_STYLE = Automatic;
				CURRENT_PROJECT_VERSION = 1;
				GENERATE_INFOPLIST_FILE = YES;
				IPHONEOS_DEPLOYMENT_TARGET = 17.2;
				MARKETING_VERSION = 1.0;
				PRODUCT_BUNDLE_IDENTIFIER = hlin0023.avgtimer.WorkoutTimerTests;
				PRODUCT_NAME = "$(TARGET_NAME)";
				SWIFT_EMIT_LOC_STRINGS = NO;
				SWIFT_VERSION = 5.0;
				TARGETED_DEVICE_FAMILY = "1,2";
				TEST_HOST = "$(BUILT_PRODUCTS_DIR)/WorkoutTimer.app/$(BUNDLE_EXECUTABLE_FOLDER_PATH)/WorkoutTimer";
			};
			name = Debug;
		};
		BADB8B3A2CF94E23007EEED2 /* Release */ = {
			isa = XCBuildConfiguration;
			buildSettings = {
				ALWAYS_EMBED_SWIFT_STANDARD_LIBRARIES = YES;
				BUNDLE_LOADER = "$(TEST_HOST)";
				CODE_SIGN_STYLE = Automatic;
				CURRENT_PROJECT_VERSION = 1;
				GENERATE_INFOPLIST_FILE = YES;
				IPHONEOS_DEPLOYMENT_TARGET = 17.2;
				MARKETING_VERSION = 1.0;
				PRODUCT_BUNDLE_IDENTIFIER = hlin0023.avgtimer.WorkoutTimerTests;
				PRODUCT_NAME = "$(TARGET_NAME)";
				SWIFT_EMIT_LOC_STRINGS = NO;
				SWIFT_VERSION = 5.0;
				TARGETED_DEVICE_FAMILY = "1,2";
				TEST_HOST = "$(BUILT_PRODUCTS_DIR)/WorkoutTimer.app/$(BUNDLE_EXECUTABLE_FOLDER_PATH)/WorkoutTimer";
			};
			name = Release;
		};
		BADB8B3C2CF94E23007EEED2 /* Debug */ = {
			isa = XCBuildConfiguration;
			buildSettings = {
				ALWAYS_EMBED_SWIFT_STANDARD_LIBRARIES = YES;
				CODE_SIGN_STYLE = Automatic;
				CURRENT_PROJECT_VERSION = 1;
				GENERATE_INFOPLIST_FILE = YES;
				MARKETING_VERSION = 1.0;
				PRODUCT_BUNDLE_IDENTIFIER = hlin0023.avgtimer.WorkoutTimerUITests;
				PRODUCT_NAME = "$(TARGET_NAME)";
				SWIFT_EMIT_LOC_STRINGS = NO;
				SWIFT_VERSION = 5.0;
				TARGETED_DEVICE_FAMILY = "1,2";
				TEST_TARGET_NAME = WorkoutTimer;
			};
			name = Debug;
		};
		BADB8B3D2CF94E23007EEED2 /* Release */ = {
			isa = XCBuildConfiguration;
			buildSettings = {
				ALWAYS_EMBED_SWIFT_STANDARD_LIBRARIES = YES;
				CODE_SIGN_STYLE = Automatic;
				CURRENT_PROJECT_VERSION = 1;
				GENERATE_INFOPLIST_FILE = YES;
				MARKETING_VERSION = 1.0;
				PRODUCT_BUNDLE_IDENTIFIER = hlin0023.avgtimer.WorkoutTimerUITests;
				PRODUCT_NAME = "$(TARGET_NAME)";
				SWIFT_EMIT_LOC_STRINGS = NO;
				SWIFT_VERSION = 5.0;
				TARGETED_DEVICE_FAMILY = "1,2";
				TEST_TARGET_NAME = WorkoutTimer;
			};
			name = Release;
		};
/* End XCBuildConfiguration section */

/* Begin XCConfigurationList section */
		BADB8B032CF94E21007EEED2 /* Build configuration list for PBXProject "WorkoutTimer" */ = {
			isa = XCConfigurationList;
			buildConfigurations = (
				BADB8B332CF94E23007EEED2 /* Debug */,
				BADB8B342CF94E23007EEED2 /* Release */,
			);
			defaultConfigurationIsVisible = 0;
			defaultConfigurationName = Release;
		};
		BADB8B352CF94E23007EEED2 /* Build configuration list for PBXNativeTarget "WorkoutTimer" */ = {
			isa = XCConfigurationList;
			buildConfigurations = (
				BADB8B362CF94E23007EEED2 /* Debug */,
				BADB8B372CF94E23007EEED2 /* Release */,
			);
			defaultConfigurationIsVisible = 0;
			defaultConfigurationName = Release;
		};
		BADB8B382CF94E23007EEED2 /* Build configuration list for PBXNativeTarget "WorkoutTimerTests" */ = {
			isa = XCConfigurationList;
			buildConfigurations = (
				BADB8B392CF94E23007EEED2 /* Debug */,
				BADB8B3A2CF94E23007EEED2 /* Release */,
			);
			defaultConfigurationIsVisible = 0;
			defaultConfigurationName = Release;
		};
		BADB8B3B2CF94E23007EEED2 /* Build configuration list for PBXNativeTarget "WorkoutTimerUITests" */ = {
			isa = XCConfigurationList;
			buildConfigurations = (
				BADB8B3C2CF94E23007EEED2 /* Debug */,
				BADB8B3D2CF94E23007EEED2 /* Release */,
			);
			defaultConfigurationIsVisible = 0;
			defaultConfigurationName = Release;
		};
/* End XCConfigurationList section */

/* Begin XCVersionGroup section */
		BADB8B142CF94E21007EEED2 /* WorkoutTimer.xcdatamodeld */ = {
			isa = XCVersionGroup;
			children = (
				BADB8B152CF94E21007EEED2 /* WorkoutTimer.xcdatamodel */,
			);
			currentVersion = BADB8B152CF94E21007EEED2 /* WorkoutTimer.xcdatamodel */;
			path = WorkoutTimer.xcdatamodeld;
			sourceTree = "<group>";
			versionGroupType = wrapper.xcdatamodel;
		};
/* End XCVersionGroup section */
	};
	rootObject = BADB8B002CF94E21007EEED2 /* Project object */;
}
